// !$*UTF8*$!
{
	archiveVersion = 1;
	classes = {
	};
	objectVersion = 47;
	objects = {

/* Begin PBXBuildFile section */
		1D3623260D0F684500981E51 /* BulwarkTWAppDelegate.m in Sources */ = {isa = PBXBuildFile; fileRef = 1D3623250D0F684500981E51 /* BulwarkTWAppDelegate.m */; };
		1D60589B0D05DD56006BFB54 /* main.m in Sources */ = {isa = PBXBuildFile; fileRef = 29B97316FDCFA39411CA2CEA /* main.m */; };
		28AD733F0D9D9553002E5188 /* MainWindow.xib in Resources */ = {isa = PBXBuildFile; fileRef = 28AD733E0D9D9553002E5188 /* MainWindow.xib */; };
		348D9A2112C1133B00FB51D0 /* results.html in Resources */ = {isa = PBXBuildFile; fileRef = 348D9A2012C1133B00FB51D0 /* results.html */; };
		348DA0E912CA6F9F00FB51D0 /* ViewOne.m in Sources */ = {isa = PBXBuildFile; fileRef = 348DA0E712CA6F9F00FB51D0 /* ViewOne.m */; };
		34C42EBF164DBA3800DD6A91 /* MBProgressHUD.m in Sources */ = {isa = PBXBuildFile; fileRef = 34EDD6DF164DA57400CB40B5 /* MBProgressHUD.m */; };
		B3122E8327D958F90003C75D /* TabbedStoryBoard.storyboard in Resources */ = {isa = PBXBuildFile; fileRef = B3122E8227D958F90003C75D /* TabbedStoryBoard.storyboard */; };
		B3122E8527DA77700003C75D /* viewRouteMap.swift in Sources */ = {isa = PBXBuildFile; fileRef = B3122E8427DA77700003C75D /* viewRouteMap.swift */; };
		B3122E8727DA88410003C75D /* viewMyPay.swift in Sources */ = {isa = PBXBuildFile; fileRef = B3122E8627DA88410003C75D /* viewMyPay.swift */; };
		B3122E8927DAAFAF0003C75D /* viewRoutes.swift in Sources */ = {isa = PBXBuildFile; fileRef = B3122E8827DAAFAF0003C75D /* viewRoutes.swift */; };
		B337A8E11C6417E700FBEE18 /* Main.storyboard in Resources */ = {isa = PBXBuildFile; fileRef = B337A8E01C6417E700FBEE18 /* Main.storyboard */; };
		B337A8E71C64FD2D00FBEE18 /* cancel_filled-50.png in Resources */ = {isa = PBXBuildFile; fileRef = B337A8E61C64FD2D00FBEE18 /* cancel_filled-50.png */; };
		B337A8E91C650CBB00FBEE18 /* blue_close.png in Resources */ = {isa = PBXBuildFile; fileRef = B337A8E81C650CBB00FBEE18 /* blue_close.png */; };
		B337A8EB1C653D0000FBEE18 /* left2-50.png in Resources */ = {isa = PBXBuildFile; fileRef = B337A8EA1C653D0000FBEE18 /* left2-50.png */; };
		B337A93C1C73EDB300FBEE18 /* viewSettings.m in Sources */ = {isa = PBXBuildFile; fileRef = B337A93B1C73EDB300FBEE18 /* viewSettings.m */; };
		B33C58101CBC887F00CE2C72 /* viewDriving.m in Sources */ = {isa = PBXBuildFile; fileRef = B33C580E1CBC887F00CE2C72 /* viewDriving.m */; };
		B33C58111CBC887F00CE2C72 /* viewDriving.xib in Resources */ = {isa = PBXBuildFile; fileRef = B33C580F1CBC887F00CE2C72 /* viewDriving.xib */; };
		B348C8AD1C7ACD48000BDC7A /* viewSchedule.m in Sources */ = {isa = PBXBuildFile; fileRef = B348C8AC1C7ACD48000BDC7A /* viewSchedule.m */; };
		B348C8BC1C7B7291000BDC7A /* downloaded.PNG in Resources */ = {isa = PBXBuildFile; fileRef = B348C8AF1C7B7291000BDC7A /* downloaded.PNG */; };
		B348C8BD1C7B7291000BDC7A /* downloading.PNG in Resources */ = {isa = PBXBuildFile; fileRef = B348C8B01C7B7291000BDC7A /* downloading.PNG */; };
		B348C8BE1C7B7291000BDC7A /* notdownloaded.PNG in Resources */ = {isa = PBXBuildFile; fileRef = B348C8B11C7B7291000BDC7A /* notdownloaded.PNG */; };
		B348C8BF1C7B7291000BDC7A /* RGSSystem.m in Sources */ = {isa = PBXBuildFile; fileRef = B348C8B31C7B7291000BDC7A /* RGSSystem.m */; };
		B348C8C01C7B7291000BDC7A /* RGSViewController.m in Sources */ = {isa = PBXBuildFile; fileRef = B348C8B51C7B7291000BDC7A /* RGSViewController.m */; };
		B348C8C11C7B7291000BDC7A /* VideoDataObject.m in Sources */ = {isa = PBXBuildFile; fileRef = B348C8B71C7B7291000BDC7A /* VideoDataObject.m */; };
		B348C8C21C7B7291000BDC7A /* VideoTableCell.m in Sources */ = {isa = PBXBuildFile; fileRef = B348C8B91C7B7291000BDC7A /* VideoTableCell.m */; };
		B348C8C31C7B7291000BDC7A /* VideoTableView.m in Sources */ = {isa = PBXBuildFile; fileRef = B348C8BB1C7B7291000BDC7A /* VideoTableView.m */; };
		B36D89FB1C0268F800A5F7DB /* viewMissedClockOut.m in Sources */ = {isa = PBXBuildFile; fileRef = B36D89F91C0268F800A5F7DB /* viewMissedClockOut.m */; };
		B36D89FC1C0268F800A5F7DB /* viewMissedClockOut.xib in Resources */ = {isa = PBXBuildFile; fileRef = B36D89FA1C0268F800A5F7DB /* viewMissedClockOut.xib */; };
		B36EC1B71A64887600F53D78 /* BLEDevice.m in Sources */ = {isa = PBXBuildFile; fileRef = B36EC1B01A64887600F53D78 /* BLEDevice.m */; };
		B36EC1B81A64887600F53D78 /* BLEUtility.m in Sources */ = {isa = PBXBuildFile; fileRef = B36EC1B21A64887600F53D78 /* BLEUtility.m */; };
		B36EC1B91A64887600F53D78 /* DFBlunoDevice.m in Sources */ = {isa = PBXBuildFile; fileRef = B36EC1B41A64887600F53D78 /* DFBlunoDevice.m */; };
		B36EC1BA1A64887600F53D78 /* DFBlunoManager.m in Sources */ = {isa = PBXBuildFile; fileRef = B36EC1B61A64887600F53D78 /* DFBlunoManager.m */; };
		B37E391818BFB59900C4C41F /* iToast.m in Sources */ = {isa = PBXBuildFile; fileRef = B37E391718BFB59900C4C41F /* iToast.m */; };
		B3819D141BE179C4002B7F4B /* TWBlunoManager.m in Sources */ = {isa = PBXBuildFile; fileRef = B3819D131BE179C4002B7F4B /* TWBlunoManager.m */; };
		B38AA54A1C56A83900283461 /* viewReports.m in Sources */ = {isa = PBXBuildFile; fileRef = B38AA5481C56A83900283461 /* viewReports.m */; };
		B38DFC17212E783C004CCBEF /* UIView+JDFTooltips.m in Sources */ = {isa = PBXBuildFile; fileRef = B38DFC0F212E783A004CCBEF /* UIView+JDFTooltips.m */; };
		B38DFC18212E783C004CCBEF /* JDFTooltipManager.m in Sources */ = {isa = PBXBuildFile; fileRef = B38DFC11212E783B004CCBEF /* JDFTooltipManager.m */; };
		B38DFC19212E783C004CCBEF /* UILabel+JDFTooltips.m in Sources */ = {isa = PBXBuildFile; fileRef = B38DFC13212E783B004CCBEF /* UILabel+JDFTooltips.m */; };
		B38DFC1A212E783C004CCBEF /* JDFTooltipView.m in Sources */ = {isa = PBXBuildFile; fileRef = B38DFC15212E783B004CCBEF /* JDFTooltipView.m */; };
		B38DFC1B212E783C004CCBEF /* JDFSequentialTooltipManager.m in Sources */ = {isa = PBXBuildFile; fileRef = B38DFC16212E783C004CCBEF /* JDFSequentialTooltipManager.m */; };
		B396D78C27DC0B57009DD9B6 /* viewRetReports.swift in Sources */ = {isa = PBXBuildFile; fileRef = B396D78B27DC0B57009DD9B6 /* viewRetReports.swift */; };
		B396D78E27DC2878009DD9B6 /* viewSalesTraining.swift in Sources */ = {isa = PBXBuildFile; fileRef = B396D78D27DC2878009DD9B6 /* viewSalesTraining.swift */; };
		B3A030111AA8288D0097AACD /* SwiftEmail.swift in Sources */ = {isa = PBXBuildFile; fileRef = B3A030101AA8288D0097AACD /* SwiftEmail.swift */; };
		B3A030161AA8B7770097AACD /* ReportProblemEmailViewController.swift in Sources */ = {isa = PBXBuildFile; fileRef = B3A030141AA8B7770097AACD /* ReportProblemEmailViewController.swift */; };
		B3A030171AA8B7770097AACD /* ReportProblemEmailViewController.xib in Resources */ = {isa = PBXBuildFile; fileRef = B3A030151AA8B7770097AACD /* ReportProblemEmailViewController.xib */; };
		B3A0301A1AA918280097AACD /* TermiteEmail.swift in Sources */ = {isa = PBXBuildFile; fileRef = B3A030181AA918280097AACD /* TermiteEmail.swift */; };
		B3A0301B1AA918280097AACD /* TermiteEmail.xib in Resources */ = {isa = PBXBuildFile; fileRef = B3A030191AA918280097AACD /* TermiteEmail.xib */; };
		B3BBF58819BA400C0088C777 /* blank.html in Resources */ = {isa = PBXBuildFile; fileRef = B3BBF58719BA400C0088C777 /* blank.html */; };
		B3BBF59419BE518E0088C777 /* clock-7.png in Resources */ = {isa = PBXBuildFile; fileRef = B3BBF59319BE518E0088C777 /* clock-7.png */; };
		B3BBF59619BE52560088C777 /* clockin.png in Resources */ = {isa = PBXBuildFile; fileRef = B3BBF59519BE52560088C777 /* clockin.png */; };
		B3BBF59819BE54210088C777 /* clockout.png in Resources */ = {isa = PBXBuildFile; fileRef = B3BBF59719BE54210088C777 /* clockout.png */; };
		B3BBF59A19BE54290088C777 /* clockin1.png in Resources */ = {isa = PBXBuildFile; fileRef = B3BBF59919BE54290088C777 /* clockin1.png */; };
		B3C3D3C819FC0ACF008774E7 /* MKNumberBadgeView.m in Sources */ = {isa = PBXBuildFile; fileRef = B3C3D3C719FC0ACF008774E7 /* MKNumberBadgeView.m */; };
		B3CA93F927EB848100945F0C /* SplitStoryBoard.storyboard in Resources */ = {isa = PBXBuildFile; fileRef = B3CA93F827EB848100945F0C /* SplitStoryBoard.storyboard */; };
		B3CA93FD27F2385900945F0C /* viewRouteDayTable.swift in Sources */ = {isa = PBXBuildFile; fileRef = B3CA93FC27F2385900945F0C /* viewRouteDayTable.swift */; };
		B3DCDD7427B1E00E00D93387 /* Images.xcassets in Resources */ = {isa = PBXBuildFile; fileRef = B3DCDD7327B1E00E00D93387 /* Images.xcassets */; };
		B3DCDD7927B1E8AC00D93387 /* viewChat.swift in Sources */ = {isa = PBXBuildFile; fileRef = B3DCDD7827B1E8AC00D93387 /* viewChat.swift */; };
		B3E3AE7527BDA30100A76EE3 /* viewMyStats.swift in Sources */ = {isa = PBXBuildFile; fileRef = B3E3AE7427BDA30100A76EE3 /* viewMyStats.swift */; };
		B3E3AE7727BDB0B900A76EE3 /* viewMySales.swift in Sources */ = {isa = PBXBuildFile; fileRef = B3E3AE7627BDB0B900A76EE3 /* viewMySales.swift */; };
		B3F309851FABB762008AD53F /* viewMissedClockIn.m in Sources */ = {isa = PBXBuildFile; fileRef = B3F309831FABB762008AD53F /* viewMissedClockIn.m */; };
		B3F309861FABB762008AD53F /* viewMissedClockIn.xib in Resources */ = {isa = PBXBuildFile; fileRef = B3F309841FABB762008AD53F /* viewMissedClockIn.xib */; };
		B3FEFAC127D01FF3004BF1A1 /* viewServiceSnapShot.swift in Sources */ = {isa = PBXBuildFile; fileRef = B3FEFAC027D01FF3004BF1A1 /* viewServiceSnapShot.swift */; };
		B3FEFAC527D92FFF004BF1A1 /* LaunchScreen.storyboard in Resources */ = {isa = PBXBuildFile; fileRef = B3FEFAC427D92FFF004BF1A1 /* LaunchScreen.storyboard */; };
		E55D833727EE45AE003A63CF /* GoogleService-Info.plist in Resources */ = {isa = PBXBuildFile; fileRef = E55D833627EE45AE003A63CF /* GoogleService-Info.plist */; };
		E55D833A27EE46B0003A63CF /* FirebaseAnalytics in Frameworks */ = {isa = PBXBuildFile; productRef = E55D833927EE46B0003A63CF /* FirebaseAnalytics */; };
		E55D833C27EE46B0003A63CF /* FirebaseCrashlytics in Frameworks */ = {isa = PBXBuildFile; productRef = E55D833B27EE46B0003A63CF /* FirebaseCrashlytics */; };
		E55D833E27EE46B0003A63CF /* FirebasePerformance in Frameworks */ = {isa = PBXBuildFile; productRef = E55D833D27EE46B0003A63CF /* FirebasePerformance */; };
		E55D834127EE4962003A63CF /* FirebaseMessaging in Frameworks */ = {isa = PBXBuildFile; productRef = E55D834027EE4962003A63CF /* FirebaseMessaging */; };
		E55D834627EE4E43003A63CF /* FirebaseAuth in Frameworks */ = {isa = PBXBuildFile; productRef = E55D834527EE4E43003A63CF /* FirebaseAuth */; };
		E55D834827F23B0E003A63CF /* WorkOrderPhotos.m in Sources */ = {isa = PBXBuildFile; fileRef = E55D834727F23B0E003A63CF /* WorkOrderPhotos.m */; };
		E55EAD1624E1E55300063BD5 /* PayrollDetailReportsService.m in Sources */ = {isa = PBXBuildFile; fileRef = E55EAD1524E1E55300063BD5 /* PayrollDetailReportsService.m */; };
/* End PBXBuildFile section */

/* Begin PBXFileReference section */
		1D3623240D0F684500981E51 /* BulwarkTWAppDelegate.h */ = {isa = PBXFileReference; fileEncoding = 4; lastKnownFileType = sourcecode.c.h; path = BulwarkTWAppDelegate.h; sourceTree = "<group>"; };
		1D3623250D0F684500981E51 /* BulwarkTWAppDelegate.m */ = {isa = PBXFileReference; fileEncoding = 4; lastKnownFileType = sourcecode.c.objc; path = BulwarkTWAppDelegate.m; sourceTree = "<group>"; };
		1D6058910D05DD3D006BFB54 /* BulwarkTW.app */ = {isa = PBXFileReference; explicitFileType = wrapper.application; includeInIndex = 0; path = BulwarkTW.app; sourceTree = BUILT_PRODUCTS_DIR; };
		28AD733E0D9D9553002E5188 /* MainWindow.xib */ = {isa = PBXFileReference; lastKnownFileType = file.xib; path = MainWindow.xib; sourceTree = "<group>"; };
		29B97316FDCFA39411CA2CEA /* main.m */ = {isa = PBXFileReference; fileEncoding = 4; lastKnownFileType = sourcecode.c.objc; path = main.m; sourceTree = "<group>"; };
		32CA4F630368D1EE00C91783 /* BulwarkTW_Prefix.pch */ = {isa = PBXFileReference; fileEncoding = 4; lastKnownFileType = sourcecode.c.h; path = BulwarkTW_Prefix.pch; sourceTree = "<group>"; };
		348D9A2012C1133B00FB51D0 /* results.html */ = {isa = PBXFileReference; fileEncoding = 4; lastKnownFileType = text.html; path = results.html; sourceTree = SOURCE_ROOT; };
		348DA0E612CA6F9F00FB51D0 /* ViewOne.h */ = {isa = PBXFileReference; fileEncoding = 4; lastKnownFileType = sourcecode.c.h; path = ViewOne.h; sourceTree = "<group>"; };
		348DA0E712CA6F9F00FB51D0 /* ViewOne.m */ = {isa = PBXFileReference; fileEncoding = 4; lastKnownFileType = sourcecode.c.objc; lineEnding = 0; path = ViewOne.m; sourceTree = "<group>"; xcLanguageSpecificationIdentifier = xcode.lang.objc; };
		34EDD6DE164DA57400CB40B5 /* MBProgressHUD.h */ = {isa = PBXFileReference; lastKnownFileType = sourcecode.c.h; path = MBProgressHUD.h; sourceTree = "<group>"; };
		34EDD6DF164DA57400CB40B5 /* MBProgressHUD.m */ = {isa = PBXFileReference; lastKnownFileType = sourcecode.c.objc; path = MBProgressHUD.m; sourceTree = "<group>"; };
		8D1107310486CEB800E47090 /* BulwarkTW-Info.plist */ = {isa = PBXFileReference; fileEncoding = 4; lastKnownFileType = text.plist.xml; path = "BulwarkTW-Info.plist"; plistStructureDefinitionIdentifier = "com.apple.xcode.plist.structure-definition.iphone.info-plist"; sourceTree = "<group>"; };
		B3122E8227D958F90003C75D /* TabbedStoryBoard.storyboard */ = {isa = PBXFileReference; lastKnownFileType = file.storyboard; path = TabbedStoryBoard.storyboard; sourceTree = "<group>"; };
		B3122E8427DA77700003C75D /* viewRouteMap.swift */ = {isa = PBXFileReference; lastKnownFileType = sourcecode.swift; path = viewRouteMap.swift; sourceTree = "<group>"; };
		B3122E8627DA88410003C75D /* viewMyPay.swift */ = {isa = PBXFileReference; lastKnownFileType = sourcecode.swift; path = viewMyPay.swift; sourceTree = "<group>"; };
		B3122E8827DAAFAF0003C75D /* viewRoutes.swift */ = {isa = PBXFileReference; lastKnownFileType = sourcecode.swift; path = viewRoutes.swift; sourceTree = "<group>"; };
		B337A8E01C6417E700FBEE18 /* Main.storyboard */ = {isa = PBXFileReference; fileEncoding = 4; lastKnownFileType = file.storyboard; path = Main.storyboard; sourceTree = "<group>"; };
		B337A8E61C64FD2D00FBEE18 /* cancel_filled-50.png */ = {isa = PBXFileReference; lastKnownFileType = image.png; path = "cancel_filled-50.png"; sourceTree = "<group>"; };
		B337A8E81C650CBB00FBEE18 /* blue_close.png */ = {isa = PBXFileReference; lastKnownFileType = image.png; path = blue_close.png; sourceTree = "<group>"; };
		B337A8EA1C653D0000FBEE18 /* left2-50.png */ = {isa = PBXFileReference; lastKnownFileType = image.png; path = "left2-50.png"; sourceTree = "<group>"; };
		B337A93A1C73EDB300FBEE18 /* viewSettings.h */ = {isa = PBXFileReference; fileEncoding = 4; lastKnownFileType = sourcecode.c.h; path = viewSettings.h; sourceTree = "<group>"; };
		B337A93B1C73EDB300FBEE18 /* viewSettings.m */ = {isa = PBXFileReference; fileEncoding = 4; lastKnownFileType = sourcecode.c.objc; lineEnding = 0; path = viewSettings.m; sourceTree = "<group>"; xcLanguageSpecificationIdentifier = xcode.lang.objc; };
		B33C580D1CBC887F00CE2C72 /* viewDriving.h */ = {isa = PBXFileReference; fileEncoding = 4; lastKnownFileType = sourcecode.c.h; path = viewDriving.h; sourceTree = "<group>"; };
		B33C580E1CBC887F00CE2C72 /* viewDriving.m */ = {isa = PBXFileReference; fileEncoding = 4; lastKnownFileType = sourcecode.c.objc; path = viewDriving.m; sourceTree = "<group>"; };
		B33C580F1CBC887F00CE2C72 /* viewDriving.xib */ = {isa = PBXFileReference; fileEncoding = 4; lastKnownFileType = file.xib; path = viewDriving.xib; sourceTree = "<group>"; };
		B348C8AB1C7ACD48000BDC7A /* viewSchedule.h */ = {isa = PBXFileReference; fileEncoding = 4; lastKnownFileType = sourcecode.c.h; path = viewSchedule.h; sourceTree = "<group>"; };
		B348C8AC1C7ACD48000BDC7A /* viewSchedule.m */ = {isa = PBXFileReference; fileEncoding = 4; lastKnownFileType = sourcecode.c.objc; lineEnding = 0; path = viewSchedule.m; sourceTree = "<group>"; xcLanguageSpecificationIdentifier = xcode.lang.objc; };
		B348C8AF1C7B7291000BDC7A /* downloaded.PNG */ = {isa = PBXFileReference; lastKnownFileType = image.png; path = downloaded.PNG; sourceTree = "<group>"; };
		B348C8B01C7B7291000BDC7A /* downloading.PNG */ = {isa = PBXFileReference; lastKnownFileType = image.png; path = downloading.PNG; sourceTree = "<group>"; };
		B348C8B11C7B7291000BDC7A /* notdownloaded.PNG */ = {isa = PBXFileReference; lastKnownFileType = image.png; path = notdownloaded.PNG; sourceTree = "<group>"; };
		B348C8B21C7B7291000BDC7A /* RGSSystem.h */ = {isa = PBXFileReference; fileEncoding = 4; lastKnownFileType = sourcecode.c.h; path = RGSSystem.h; sourceTree = "<group>"; };
		B348C8B31C7B7291000BDC7A /* RGSSystem.m */ = {isa = PBXFileReference; fileEncoding = 4; lastKnownFileType = sourcecode.c.objc; path = RGSSystem.m; sourceTree = "<group>"; };
		B348C8B41C7B7291000BDC7A /* RGSViewController.h */ = {isa = PBXFileReference; fileEncoding = 4; lastKnownFileType = sourcecode.c.h; path = RGSViewController.h; sourceTree = "<group>"; };
		B348C8B51C7B7291000BDC7A /* RGSViewController.m */ = {isa = PBXFileReference; fileEncoding = 4; lastKnownFileType = sourcecode.c.objc; lineEnding = 0; path = RGSViewController.m; sourceTree = "<group>"; xcLanguageSpecificationIdentifier = xcode.lang.objc; };
		B348C8B61C7B7291000BDC7A /* VideoDataObject.h */ = {isa = PBXFileReference; fileEncoding = 4; lastKnownFileType = sourcecode.c.h; path = VideoDataObject.h; sourceTree = "<group>"; };
		B348C8B71C7B7291000BDC7A /* VideoDataObject.m */ = {isa = PBXFileReference; fileEncoding = 4; lastKnownFileType = sourcecode.c.objc; path = VideoDataObject.m; sourceTree = "<group>"; };
		B348C8B81C7B7291000BDC7A /* VideoTableCell.h */ = {isa = PBXFileReference; fileEncoding = 4; lastKnownFileType = sourcecode.c.h; path = VideoTableCell.h; sourceTree = "<group>"; };
		B348C8B91C7B7291000BDC7A /* VideoTableCell.m */ = {isa = PBXFileReference; fileEncoding = 4; lastKnownFileType = sourcecode.c.objc; path = VideoTableCell.m; sourceTree = "<group>"; };
		B348C8BA1C7B7291000BDC7A /* VideoTableView.h */ = {isa = PBXFileReference; fileEncoding = 4; lastKnownFileType = sourcecode.c.h; path = VideoTableView.h; sourceTree = "<group>"; };
		B348C8BB1C7B7291000BDC7A /* VideoTableView.m */ = {isa = PBXFileReference; fileEncoding = 4; lastKnownFileType = sourcecode.c.objc; lineEnding = 0; path = VideoTableView.m; sourceTree = "<group>"; xcLanguageSpecificationIdentifier = xcode.lang.objc; };
		B36D89F81C0268F800A5F7DB /* viewMissedClockOut.h */ = {isa = PBXFileReference; fileEncoding = 4; lastKnownFileType = sourcecode.c.h; path = viewMissedClockOut.h; sourceTree = "<group>"; };
		B36D89F91C0268F800A5F7DB /* viewMissedClockOut.m */ = {isa = PBXFileReference; fileEncoding = 4; lastKnownFileType = sourcecode.c.objc; lineEnding = 0; path = viewMissedClockOut.m; sourceTree = "<group>"; xcLanguageSpecificationIdentifier = xcode.lang.objc; };
		B36D89FA1C0268F800A5F7DB /* viewMissedClockOut.xib */ = {isa = PBXFileReference; fileEncoding = 4; lastKnownFileType = file.xib; path = viewMissedClockOut.xib; sourceTree = "<group>"; };
		B36EC1AF1A64887600F53D78 /* BLEDevice.h */ = {isa = PBXFileReference; fileEncoding = 4; lastKnownFileType = sourcecode.c.h; path = BLEDevice.h; sourceTree = "<group>"; };
		B36EC1B01A64887600F53D78 /* BLEDevice.m */ = {isa = PBXFileReference; fileEncoding = 4; lastKnownFileType = sourcecode.c.objc; path = BLEDevice.m; sourceTree = "<group>"; };
		B36EC1B11A64887600F53D78 /* BLEUtility.h */ = {isa = PBXFileReference; fileEncoding = 4; lastKnownFileType = sourcecode.c.h; path = BLEUtility.h; sourceTree = "<group>"; };
		B36EC1B21A64887600F53D78 /* BLEUtility.m */ = {isa = PBXFileReference; fileEncoding = 4; lastKnownFileType = sourcecode.c.objc; path = BLEUtility.m; sourceTree = "<group>"; };
		B36EC1B31A64887600F53D78 /* DFBlunoDevice.h */ = {isa = PBXFileReference; fileEncoding = 4; lastKnownFileType = sourcecode.c.h; path = DFBlunoDevice.h; sourceTree = "<group>"; };
		B36EC1B41A64887600F53D78 /* DFBlunoDevice.m */ = {isa = PBXFileReference; fileEncoding = 4; lastKnownFileType = sourcecode.c.objc; path = DFBlunoDevice.m; sourceTree = "<group>"; };
		B36EC1B51A64887600F53D78 /* DFBlunoManager.h */ = {isa = PBXFileReference; fileEncoding = 4; lastKnownFileType = sourcecode.c.h; path = DFBlunoManager.h; sourceTree = "<group>"; };
		B36EC1B61A64887600F53D78 /* DFBlunoManager.m */ = {isa = PBXFileReference; fileEncoding = 4; lastKnownFileType = sourcecode.c.objc; path = DFBlunoManager.m; sourceTree = "<group>"; };
		B37E391618BFB59900C4C41F /* iToast.h */ = {isa = PBXFileReference; fileEncoding = 4; lastKnownFileType = sourcecode.c.h; path = iToast.h; sourceTree = "<group>"; };
		B37E391718BFB59900C4C41F /* iToast.m */ = {isa = PBXFileReference; fileEncoding = 4; lastKnownFileType = sourcecode.c.objc; path = iToast.m; sourceTree = "<group>"; };
		B3819D121BE179B5002B7F4B /* TWBlunoManager.h */ = {isa = PBXFileReference; fileEncoding = 4; lastKnownFileType = sourcecode.c.h; path = TWBlunoManager.h; sourceTree = "<group>"; };
		B3819D131BE179C4002B7F4B /* TWBlunoManager.m */ = {isa = PBXFileReference; fileEncoding = 4; lastKnownFileType = sourcecode.c.objc; path = TWBlunoManager.m; sourceTree = "<group>"; };
		B38AA5471C56A83900283461 /* viewReports.h */ = {isa = PBXFileReference; fileEncoding = 4; lastKnownFileType = sourcecode.c.h; path = viewReports.h; sourceTree = "<group>"; };
		B38AA5481C56A83900283461 /* viewReports.m */ = {isa = PBXFileReference; fileEncoding = 4; lastKnownFileType = sourcecode.c.objc; lineEnding = 0; path = viewReports.m; sourceTree = "<group>"; xcLanguageSpecificationIdentifier = xcode.lang.objc; };
		B38DFC0C212E783A004CCBEF /* JDFTooltipManager.h */ = {isa = PBXFileReference; fileEncoding = 4; lastKnownFileType = sourcecode.c.h; path = JDFTooltipManager.h; sourceTree = "<group>"; };
		B38DFC0D212E783A004CCBEF /* UILabel+JDFTooltips.h */ = {isa = PBXFileReference; fileEncoding = 4; lastKnownFileType = sourcecode.c.h; path = "UILabel+JDFTooltips.h"; sourceTree = "<group>"; };
		B38DFC0E212E783A004CCBEF /* UIView+JDFTooltips.h */ = {isa = PBXFileReference; fileEncoding = 4; lastKnownFileType = sourcecode.c.h; path = "UIView+JDFTooltips.h"; sourceTree = "<group>"; };
		B38DFC0F212E783A004CCBEF /* UIView+JDFTooltips.m */ = {isa = PBXFileReference; fileEncoding = 4; lastKnownFileType = sourcecode.c.objc; path = "UIView+JDFTooltips.m"; sourceTree = "<group>"; };
		B38DFC10212E783B004CCBEF /* JDFSequentialTooltipManager.h */ = {isa = PBXFileReference; fileEncoding = 4; lastKnownFileType = sourcecode.c.h; path = JDFSequentialTooltipManager.h; sourceTree = "<group>"; };
		B38DFC11212E783B004CCBEF /* JDFTooltipManager.m */ = {isa = PBXFileReference; fileEncoding = 4; lastKnownFileType = sourcecode.c.objc; path = JDFTooltipManager.m; sourceTree = "<group>"; };
		B38DFC12212E783B004CCBEF /* JDFTooltips.h */ = {isa = PBXFileReference; fileEncoding = 4; lastKnownFileType = sourcecode.c.h; path = JDFTooltips.h; sourceTree = "<group>"; };
		B38DFC13212E783B004CCBEF /* UILabel+JDFTooltips.m */ = {isa = PBXFileReference; fileEncoding = 4; lastKnownFileType = sourcecode.c.objc; path = "UILabel+JDFTooltips.m"; sourceTree = "<group>"; };
		B38DFC14212E783B004CCBEF /* JDFTooltipView.h */ = {isa = PBXFileReference; fileEncoding = 4; lastKnownFileType = sourcecode.c.h; path = JDFTooltipView.h; sourceTree = "<group>"; };
		B38DFC15212E783B004CCBEF /* JDFTooltipView.m */ = {isa = PBXFileReference; fileEncoding = 4; lastKnownFileType = sourcecode.c.objc; path = JDFTooltipView.m; sourceTree = "<group>"; };
		B38DFC16212E783C004CCBEF /* JDFSequentialTooltipManager.m */ = {isa = PBXFileReference; fileEncoding = 4; lastKnownFileType = sourcecode.c.objc; path = JDFSequentialTooltipManager.m; sourceTree = "<group>"; };
		B396D78B27DC0B57009DD9B6 /* viewRetReports.swift */ = {isa = PBXFileReference; lastKnownFileType = sourcecode.swift; path = viewRetReports.swift; sourceTree = "<group>"; };
		B396D78D27DC2878009DD9B6 /* viewSalesTraining.swift */ = {isa = PBXFileReference; lastKnownFileType = sourcecode.swift; path = viewSalesTraining.swift; sourceTree = "<group>"; };
		B39FD19B1DF9C50F009DB4B5 /* BulwarkTW.entitlements */ = {isa = PBXFileReference; lastKnownFileType = text.plist.entitlements; path = BulwarkTW.entitlements; sourceTree = "<group>"; };
		B3A0300F1AA8288D0097AACD /* BulwarkTW-Bridging-Header.h */ = {isa = PBXFileReference; lastKnownFileType = sourcecode.c.h; path = "BulwarkTW-Bridging-Header.h"; sourceTree = "<group>"; };
		B3A030101AA8288D0097AACD /* SwiftEmail.swift */ = {isa = PBXFileReference; fileEncoding = 4; lastKnownFileType = sourcecode.swift; path = SwiftEmail.swift; sourceTree = "<group>"; };
		B3A030141AA8B7770097AACD /* ReportProblemEmailViewController.swift */ = {isa = PBXFileReference; fileEncoding = 4; lastKnownFileType = sourcecode.swift; path = ReportProblemEmailViewController.swift; sourceTree = "<group>"; };
		B3A030151AA8B7770097AACD /* ReportProblemEmailViewController.xib */ = {isa = PBXFileReference; fileEncoding = 4; lastKnownFileType = file.xib; path = ReportProblemEmailViewController.xib; sourceTree = "<group>"; };
		B3A030181AA918280097AACD /* TermiteEmail.swift */ = {isa = PBXFileReference; fileEncoding = 4; lastKnownFileType = sourcecode.swift; path = TermiteEmail.swift; sourceTree = "<group>"; };
		B3A030191AA918280097AACD /* TermiteEmail.xib */ = {isa = PBXFileReference; fileEncoding = 4; lastKnownFileType = file.xib; path = TermiteEmail.xib; sourceTree = "<group>"; };
		B3BBF58719BA400C0088C777 /* blank.html */ = {isa = PBXFileReference; fileEncoding = 4; lastKnownFileType = text.html; path = blank.html; sourceTree = "<group>"; };
		B3BBF59319BE518E0088C777 /* clock-7.png */ = {isa = PBXFileReference; lastKnownFileType = image.png; path = "clock-7.png"; sourceTree = "<group>"; };
		B3BBF59519BE52560088C777 /* clockin.png */ = {isa = PBXFileReference; lastKnownFileType = image.png; path = clockin.png; sourceTree = "<group>"; };
		B3BBF59719BE54210088C777 /* clockout.png */ = {isa = PBXFileReference; lastKnownFileType = image.png; path = clockout.png; sourceTree = "<group>"; };
		B3BBF59919BE54290088C777 /* clockin1.png */ = {isa = PBXFileReference; lastKnownFileType = image.png; path = clockin1.png; sourceTree = "<group>"; };
		B3BE1C4518CE87F200759894 /* CTMessageCenter.h */ = {isa = PBXFileReference; lastKnownFileType = sourcecode.c.h; path = CTMessageCenter.h; sourceTree = "<group>"; };
		B3C3D3C619FC0ACF008774E7 /* MKNumberBadgeView.h */ = {isa = PBXFileReference; fileEncoding = 4; lastKnownFileType = sourcecode.c.h; path = MKNumberBadgeView.h; sourceTree = "<group>"; };
		B3C3D3C719FC0ACF008774E7 /* MKNumberBadgeView.m */ = {isa = PBXFileReference; fileEncoding = 4; lastKnownFileType = sourcecode.c.objc; path = MKNumberBadgeView.m; sourceTree = "<group>"; };
		B3CA93F827EB848100945F0C /* SplitStoryBoard.storyboard */ = {isa = PBXFileReference; lastKnownFileType = file.storyboard; path = SplitStoryBoard.storyboard; sourceTree = "<group>"; };
		B3CA93FC27F2385900945F0C /* viewRouteDayTable.swift */ = {isa = PBXFileReference; lastKnownFileType = sourcecode.swift; path = viewRouteDayTable.swift; sourceTree = "<group>"; };
		B3DCDD7327B1E00E00D93387 /* Images.xcassets */ = {isa = PBXFileReference; lastKnownFileType = folder.assetcatalog; name = Images.xcassets; path = BulwarkTW/Images.xcassets; sourceTree = "<group>"; };
		B3DCDD7827B1E8AC00D93387 /* viewChat.swift */ = {isa = PBXFileReference; lastKnownFileType = sourcecode.swift; path = viewChat.swift; sourceTree = "<group>"; };
		B3E3AE7427BDA30100A76EE3 /* viewMyStats.swift */ = {isa = PBXFileReference; lastKnownFileType = sourcecode.swift; path = viewMyStats.swift; sourceTree = "<group>"; };
		B3E3AE7627BDB0B900A76EE3 /* viewMySales.swift */ = {isa = PBXFileReference; lastKnownFileType = sourcecode.swift; path = viewMySales.swift; sourceTree = "<group>"; };
		B3F309821FABB762008AD53F /* viewMissedClockIn.h */ = {isa = PBXFileReference; lastKnownFileType = sourcecode.c.h; path = viewMissedClockIn.h; sourceTree = "<group>"; };
		B3F309831FABB762008AD53F /* viewMissedClockIn.m */ = {isa = PBXFileReference; lastKnownFileType = sourcecode.c.objc; path = viewMissedClockIn.m; sourceTree = "<group>"; };
		B3F309841FABB762008AD53F /* viewMissedClockIn.xib */ = {isa = PBXFileReference; lastKnownFileType = file.xib; path = viewMissedClockIn.xib; sourceTree = "<group>"; };
		B3FEFAC027D01FF3004BF1A1 /* viewServiceSnapShot.swift */ = {isa = PBXFileReference; lastKnownFileType = sourcecode.swift; path = viewServiceSnapShot.swift; sourceTree = "<group>"; };
		B3FEFAC427D92FFF004BF1A1 /* LaunchScreen.storyboard */ = {isa = PBXFileReference; lastKnownFileType = file.storyboard; path = LaunchScreen.storyboard; sourceTree = "<group>"; };
		E55D833627EE45AE003A63CF /* GoogleService-Info.plist */ = {isa = PBXFileReference; fileEncoding = 4; lastKnownFileType = text.plist.xml; path = "GoogleService-Info.plist"; sourceTree = "<group>"; };
		E55D834727F23B0E003A63CF /* WorkOrderPhotos.m */ = {isa = PBXFileReference; lastKnownFileType = sourcecode.c.objc; path = WorkOrderPhotos.m; sourceTree = "<group>"; };
		E55D834927F23B64003A63CF /* WorkOrderPhotos.h */ = {isa = PBXFileReference; lastKnownFileType = sourcecode.c.h; path = WorkOrderPhotos.h; sourceTree = "<group>"; };
		E55EAD1524E1E55300063BD5 /* PayrollDetailReportsService.m */ = {isa = PBXFileReference; lastKnownFileType = sourcecode.c.objc; path = PayrollDetailReportsService.m; sourceTree = "<group>"; };
		E55EAD1724E1E56200063BD5 /* PayrollDetailReportsService.h */ = {isa = PBXFileReference; lastKnownFileType = sourcecode.c.h; path = PayrollDetailReportsService.h; sourceTree = "<group>"; };
/* End PBXFileReference section */

/* Begin PBXFrameworksBuildPhase section */
		1D60588F0D05DD3D006BFB54 /* Frameworks */ = {
			isa = PBXFrameworksBuildPhase;
			buildActionMask = 2147483647;
			files = (
				E55D834127EE4962003A63CF /* FirebaseMessaging in Frameworks */,
				E55D834627EE4E43003A63CF /* FirebaseAuth in Frameworks */,
				E55D833A27EE46B0003A63CF /* FirebaseAnalytics in Frameworks */,
				E55D833C27EE46B0003A63CF /* FirebaseCrashlytics in Frameworks */,
				E55D833E27EE46B0003A63CF /* FirebasePerformance in Frameworks */,
			);
			runOnlyForDeploymentPostprocessing = 0;
		};
/* End PBXFrameworksBuildPhase section */

/* Begin PBXGroup section */
		080E96DDFE201D6D7F000001 /* Classes */ = {
			isa = PBXGroup;
			children = (
				B337A8E01C6417E700FBEE18 /* Main.storyboard */,
				B3FEFAC427D92FFF004BF1A1 /* LaunchScreen.storyboard */,
				B3122E8227D958F90003C75D /* TabbedStoryBoard.storyboard */,
				B3AB45E21C5FFD13003246AD /* ViewControllers */,
				B3C3D3C619FC0ACF008774E7 /* MKNumberBadgeView.h */,
				B3C3D3C719FC0ACF008774E7 /* MKNumberBadgeView.m */,
				B38DFC10212E783B004CCBEF /* JDFSequentialTooltipManager.h */,
				B38DFC16212E783C004CCBEF /* JDFSequentialTooltipManager.m */,
				B38DFC0C212E783A004CCBEF /* JDFTooltipManager.h */,
				B38DFC11212E783B004CCBEF /* JDFTooltipManager.m */,
				B38DFC12212E783B004CCBEF /* JDFTooltips.h */,
				B38DFC14212E783B004CCBEF /* JDFTooltipView.h */,
				B38DFC15212E783B004CCBEF /* JDFTooltipView.m */,
				B38DFC0D212E783A004CCBEF /* UILabel+JDFTooltips.h */,
				B38DFC13212E783B004CCBEF /* UILabel+JDFTooltips.m */,
				B38DFC0E212E783A004CCBEF /* UIView+JDFTooltips.h */,
				B38DFC0F212E783A004CCBEF /* UIView+JDFTooltips.m */,
				B3BE1C4518CE87F200759894 /* CTMessageCenter.h */,
				B37E391618BFB59900C4C41F /* iToast.h */,
				B37E391718BFB59900C4C41F /* iToast.m */,
				34EDD6DE164DA57400CB40B5 /* MBProgressHUD.h */,
				34EDD6DF164DA57400CB40B5 /* MBProgressHUD.m */,
				1D3623240D0F684500981E51 /* BulwarkTWAppDelegate.h */,
				1D3623250D0F684500981E51 /* BulwarkTWAppDelegate.m */,
				B3A030101AA8288D0097AACD /* SwiftEmail.swift */,
				B3A0300F1AA8288D0097AACD /* BulwarkTW-Bridging-Header.h */,
				B3A030141AA8B7770097AACD /* ReportProblemEmailViewController.swift */,
				B3A030151AA8B7770097AACD /* ReportProblemEmailViewController.xib */,
				B3A030181AA918280097AACD /* TermiteEmail.swift */,
				B3A030191AA918280097AACD /* TermiteEmail.xib */,
				E55EAD1524E1E55300063BD5 /* PayrollDetailReportsService.m */,
				E55EAD1724E1E56200063BD5 /* PayrollDetailReportsService.h */,
				B3CA93F827EB848100945F0C /* SplitStoryBoard.storyboard */,
				E55D834727F23B0E003A63CF /* WorkOrderPhotos.m */,
				E55D834927F23B64003A63CF /* WorkOrderPhotos.h */,
			);
			path = Classes;
			sourceTree = "<group>";
		};
		19C28FACFE9D520D11CA2CBB /* Products */ = {
			isa = PBXGroup;
			children = (
				1D6058910D05DD3D006BFB54 /* BulwarkTW.app */,
			);
			name = Products;
			sourceTree = "<group>";
		};
		29B97314FDCFA39411CA2CEA /* CustomTemplate */ = {
			isa = PBXGroup;
			children = (
				B39FD19B1DF9C50F009DB4B5 /* BulwarkTW.entitlements */,
				B36EC1AD1A64887600F53D78 /* Bluno */,
				347108091487088C0083EA3E /* images */,
				080E96DDFE201D6D7F000001 /* Classes */,
				29B97315FDCFA39411CA2CEA /* Other Sources */,
				29B97317FDCFA39411CA2CEA /* Resources */,
				19C28FACFE9D520D11CA2CBB /* Products */,
			);
			name = CustomTemplate;
			sourceTree = "<group>";
		};
		29B97315FDCFA39411CA2CEA /* Other Sources */ = {
			isa = PBXGroup;
			children = (
				32CA4F630368D1EE00C91783 /* BulwarkTW_Prefix.pch */,
				29B97316FDCFA39411CA2CEA /* main.m */,
			);
			name = "Other Sources";
			sourceTree = "<group>";
		};
		29B97317FDCFA39411CA2CEA /* Resources */ = {
			isa = PBXGroup;
			children = (
				E55D833627EE45AE003A63CF /* GoogleService-Info.plist */,
				B3DCDD7327B1E00E00D93387 /* Images.xcassets */,
				B3BBF58719BA400C0088C777 /* blank.html */,
				348D9A2012C1133B00FB51D0 /* results.html */,
				28AD733E0D9D9553002E5188 /* MainWindow.xib */,
				8D1107310486CEB800E47090 /* BulwarkTW-Info.plist */,
			);
			name = Resources;
			sourceTree = "<group>";
		};
		347108091487088C0083EA3E /* images */ = {
			isa = PBXGroup;
			children = (
				B337A8EA1C653D0000FBEE18 /* left2-50.png */,
				B337A8E81C650CBB00FBEE18 /* blue_close.png */,
				B337A8E61C64FD2D00FBEE18 /* cancel_filled-50.png */,
				B3BBF59719BE54210088C777 /* clockout.png */,
				B3BBF59919BE54290088C777 /* clockin1.png */,
				B3BBF59319BE518E0088C777 /* clock-7.png */,
				B3BBF59519BE52560088C777 /* clockin.png */,
			);
			path = images;
			sourceTree = "<group>";
		};
		B348C8AE1C7B7271000BDC7A /* video */ = {
			isa = PBXGroup;
			children = (
				B348C8AF1C7B7291000BDC7A /* downloaded.PNG */,
				B348C8B01C7B7291000BDC7A /* downloading.PNG */,
				B348C8B11C7B7291000BDC7A /* notdownloaded.PNG */,
				B348C8B21C7B7291000BDC7A /* RGSSystem.h */,
				B348C8B31C7B7291000BDC7A /* RGSSystem.m */,
				B348C8B41C7B7291000BDC7A /* RGSViewController.h */,
				B348C8B51C7B7291000BDC7A /* RGSViewController.m */,
				B348C8B61C7B7291000BDC7A /* VideoDataObject.h */,
				B348C8B71C7B7291000BDC7A /* VideoDataObject.m */,
				B348C8B81C7B7291000BDC7A /* VideoTableCell.h */,
				B348C8B91C7B7291000BDC7A /* VideoTableCell.m */,
				B348C8BA1C7B7291000BDC7A /* VideoTableView.h */,
				B348C8BB1C7B7291000BDC7A /* VideoTableView.m */,
			);
			name = video;
			sourceTree = "<group>";
		};
		B36EC1AD1A64887600F53D78 /* Bluno */ = {
			isa = PBXGroup;
			children = (
				B36EC1AE1A64887600F53D78 /* Core */,
				B36EC1B31A64887600F53D78 /* DFBlunoDevice.h */,
				B36EC1B41A64887600F53D78 /* DFBlunoDevice.m */,
				B36EC1B51A64887600F53D78 /* DFBlunoManager.h */,
				B36EC1B61A64887600F53D78 /* DFBlunoManager.m */,
				B3819D121BE179B5002B7F4B /* TWBlunoManager.h */,
				B3819D131BE179C4002B7F4B /* TWBlunoManager.m */,
			);
			path = Bluno;
			sourceTree = "<group>";
		};
		B36EC1AE1A64887600F53D78 /* Core */ = {
			isa = PBXGroup;
			children = (
				B36EC1AF1A64887600F53D78 /* BLEDevice.h */,
				B36EC1B01A64887600F53D78 /* BLEDevice.m */,
				B36EC1B11A64887600F53D78 /* BLEUtility.h */,
				B36EC1B21A64887600F53D78 /* BLEUtility.m */,
			);
			path = Core;
			sourceTree = "<group>";
		};
		B3AB45E21C5FFD13003246AD /* ViewControllers */ = {
			isa = PBXGroup;
			children = (
				B348C8AE1C7B7271000BDC7A /* video */,
				348DA0E612CA6F9F00FB51D0 /* ViewOne.h */,
				348DA0E712CA6F9F00FB51D0 /* ViewOne.m */,
				B36D89F81C0268F800A5F7DB /* viewMissedClockOut.h */,
				B36D89F91C0268F800A5F7DB /* viewMissedClockOut.m */,
				B36D89FA1C0268F800A5F7DB /* viewMissedClockOut.xib */,
				B38AA5471C56A83900283461 /* viewReports.h */,
				B38AA5481C56A83900283461 /* viewReports.m */,
				B337A93A1C73EDB300FBEE18 /* viewSettings.h */,
				B337A93B1C73EDB300FBEE18 /* viewSettings.m */,
				B348C8AB1C7ACD48000BDC7A /* viewSchedule.h */,
				B348C8AC1C7ACD48000BDC7A /* viewSchedule.m */,
				B33C580D1CBC887F00CE2C72 /* viewDriving.h */,
				B33C580E1CBC887F00CE2C72 /* viewDriving.m */,
				B33C580F1CBC887F00CE2C72 /* viewDriving.xib */,
				B3F309821FABB762008AD53F /* viewMissedClockIn.h */,
				B3F309831FABB762008AD53F /* viewMissedClockIn.m */,
				B3F309841FABB762008AD53F /* viewMissedClockIn.xib */,
				B3DCDD7827B1E8AC00D93387 /* viewChat.swift */,
				B3E3AE7427BDA30100A76EE3 /* viewMyStats.swift */,
				B3E3AE7627BDB0B900A76EE3 /* viewMySales.swift */,
				B3FEFAC027D01FF3004BF1A1 /* viewServiceSnapShot.swift */,
				B3122E8427DA77700003C75D /* viewRouteMap.swift */,
				B3122E8627DA88410003C75D /* viewMyPay.swift */,
				B3122E8827DAAFAF0003C75D /* viewRoutes.swift */,
				B396D78B27DC0B57009DD9B6 /* viewRetReports.swift */,
				B396D78D27DC2878009DD9B6 /* viewSalesTraining.swift */,
				B3CA93FC27F2385900945F0C /* viewRouteDayTable.swift */,
			);
			name = ViewControllers;
			sourceTree = "<group>";
		};
/* End PBXGroup section */

/* Begin PBXNativeTarget section */
		1D6058900D05DD3D006BFB54 /* BulwarkTW */ = {
			isa = PBXNativeTarget;
			buildConfigurationList = 1D6058960D05DD3E006BFB54 /* Build configuration list for PBXNativeTarget "BulwarkTW" */;
			buildPhases = (
				1D60588D0D05DD3D006BFB54 /* Resources */,
				1D60588E0D05DD3D006BFB54 /* Sources */,
				1D60588F0D05DD3D006BFB54 /* Frameworks */,
			);
			buildRules = (
			);
			dependencies = (
			);
			name = BulwarkTW;
			packageProductDependencies = (
				E55D833927EE46B0003A63CF /* FirebaseAnalytics */,
				E55D833B27EE46B0003A63CF /* FirebaseCrashlytics */,
				E55D833D27EE46B0003A63CF /* FirebasePerformance */,
				E55D834027EE4962003A63CF /* FirebaseMessaging */,
				E55D834527EE4E43003A63CF /* FirebaseAuth */,
			);
			productName = BulwarkTW;
			productReference = 1D6058910D05DD3D006BFB54 /* BulwarkTW.app */;
			productType = "com.apple.product-type.application";
		};
/* End PBXNativeTarget section */

/* Begin PBXProject section */
		29B97313FDCFA39411CA2CEA /* Project object */ = {
			isa = PBXProject;
			attributes = {
				LastSwiftMigration = 0700;
				LastSwiftUpdateCheck = 0700;
				LastUpgradeCheck = 1200;
				TargetAttributes = {
					1D6058900D05DD3D006BFB54 = {
						DevelopmentTeam = 96ATNRR9CD;
						LastSwiftMigration = 1130;
						ProvisioningStyle = Automatic;
						SystemCapabilities = {
							com.apple.BackgroundModes = {
								enabled = 1;
							};
							com.apple.GameCenter = {
								enabled = 0;
							};
							com.apple.InAppPurchase = {
								enabled = 0;
							};
							com.apple.Keychain = {
								enabled = 0;
							};
							com.apple.Push = {
								enabled = 1;
							};
							com.apple.WAC = {
								enabled = 1;
							};
						};
					};
				};
			};
			buildConfigurationList = C01FCF4E08A954540054247B /* Build configuration list for PBXProject "BulwarkTW" */;
			compatibilityVersion = "Xcode 6.3";
			developmentRegion = en;
			hasScannedForEncodings = 1;
			knownRegions = (
				de,
				ja,
				fr,
				en,
				Base,
			);
			mainGroup = 29B97314FDCFA39411CA2CEA /* CustomTemplate */;
			packageReferences = (
				E55D833827EE46B0003A63CF /* XCRemoteSwiftPackageReference "firebase-ios-sdk" */,
				E55D833F27EE4962003A63CF /* XCRemoteSwiftPackageReference "firebase-ios-sdk" */,
				E55D834427EE4E43003A63CF /* XCRemoteSwiftPackageReference "firebase-ios-sdk" */,
			);
			projectDirPath = "";
			projectRoot = "";
			targets = (
				1D6058900D05DD3D006BFB54 /* BulwarkTW */,
			);
		};
/* End PBXProject section */

/* Begin PBXResourcesBuildPhase section */
		1D60588D0D05DD3D006BFB54 /* Resources */ = {
			isa = PBXResourcesBuildPhase;
			buildActionMask = 2147483647;
			files = (
				28AD733F0D9D9553002E5188 /* MainWindow.xib in Resources */,
				B3FEFAC527D92FFF004BF1A1 /* LaunchScreen.storyboard in Resources */,
				B3A030171AA8B7770097AACD /* ReportProblemEmailViewController.xib in Resources */,
				B3122E8327D958F90003C75D /* TabbedStoryBoard.storyboard in Resources */,
				348D9A2112C1133B00FB51D0 /* results.html in Resources */,
				B36D89FC1C0268F800A5F7DB /* viewMissedClockOut.xib in Resources */,
				B348C8BD1C7B7291000BDC7A /* downloading.PNG in Resources */,
				B3A0301B1AA918280097AACD /* TermiteEmail.xib in Resources */,
				B3BBF58819BA400C0088C777 /* blank.html in Resources */,
				B337A8EB1C653D0000FBEE18 /* left2-50.png in Resources */,
				B337A8E91C650CBB00FBEE18 /* blue_close.png in Resources */,
				B3CA93F927EB848100945F0C /* SplitStoryBoard.storyboard in Resources */,
				B348C8BE1C7B7291000BDC7A /* notdownloaded.PNG in Resources */,
				B3BBF59A19BE54290088C777 /* clockin1.png in Resources */,
				B3BBF59419BE518E0088C777 /* clock-7.png in Resources */,
				B337A8E71C64FD2D00FBEE18 /* cancel_filled-50.png in Resources */,
				B33C58111CBC887F00CE2C72 /* viewDriving.xib in Resources */,
				B348C8BC1C7B7291000BDC7A /* downloaded.PNG in Resources */,
				B3BBF59619BE52560088C777 /* clockin.png in Resources */,
				B337A8E11C6417E700FBEE18 /* Main.storyboard in Resources */,
				E55D833727EE45AE003A63CF /* GoogleService-Info.plist in Resources */,
				B3F309861FABB762008AD53F /* viewMissedClockIn.xib in Resources */,
				B3BBF59819BE54210088C777 /* clockout.png in Resources */,
				B3DCDD7427B1E00E00D93387 /* Images.xcassets in Resources */,
			);
			runOnlyForDeploymentPostprocessing = 0;
		};
/* End PBXResourcesBuildPhase section */

/* Begin PBXSourcesBuildPhase section */
		1D60588E0D05DD3D006BFB54 /* Sources */ = {
			isa = PBXSourcesBuildPhase;
			buildActionMask = 2147483647;
			files = (
				B3A0301A1AA918280097AACD /* TermiteEmail.swift in Sources */,
				B36EC1B91A64887600F53D78 /* DFBlunoDevice.m in Sources */,
				B337A93C1C73EDB300FBEE18 /* viewSettings.m in Sources */,
				B38DFC1A212E783C004CCBEF /* JDFTooltipView.m in Sources */,
				B33C58101CBC887F00CE2C72 /* viewDriving.m in Sources */,
				B3E3AE7527BDA30100A76EE3 /* viewMyStats.swift in Sources */,
				34C42EBF164DBA3800DD6A91 /* MBProgressHUD.m in Sources */,
				B348C8C31C7B7291000BDC7A /* VideoTableView.m in Sources */,
				B3122E8927DAAFAF0003C75D /* viewRoutes.swift in Sources */,
				B396D78E27DC2878009DD9B6 /* viewSalesTraining.swift in Sources */,
				B3C3D3C819FC0ACF008774E7 /* MKNumberBadgeView.m in Sources */,
				1D60589B0D05DD56006BFB54 /* main.m in Sources */,
				B38DFC18212E783C004CCBEF /* JDFTooltipManager.m in Sources */,
				B3122E8727DA88410003C75D /* viewMyPay.swift in Sources */,
				E55EAD1624E1E55300063BD5 /* PayrollDetailReportsService.m in Sources */,
				B396D78C27DC0B57009DD9B6 /* viewRetReports.swift in Sources */,
				1D3623260D0F684500981E51 /* BulwarkTWAppDelegate.m in Sources */,
				B348C8AD1C7ACD48000BDC7A /* viewSchedule.m in Sources */,
				348DA0E912CA6F9F00FB51D0 /* ViewOne.m in Sources */,
				B3A030161AA8B7770097AACD /* ReportProblemEmailViewController.swift in Sources */,
				B348C8C01C7B7291000BDC7A /* RGSViewController.m in Sources */,
				B3FEFAC127D01FF3004BF1A1 /* viewServiceSnapShot.swift in Sources */,
				B3819D141BE179C4002B7F4B /* TWBlunoManager.m in Sources */,
				B36EC1B71A64887600F53D78 /* BLEDevice.m in Sources */,
				B3F309851FABB762008AD53F /* viewMissedClockIn.m in Sources */,
				B3E3AE7727BDB0B900A76EE3 /* viewMySales.swift in Sources */,
				B3CA93FD27F2385900945F0C /* viewRouteDayTable.swift in Sources */,
				B348C8BF1C7B7291000BDC7A /* RGSSystem.m in Sources */,
				B36EC1BA1A64887600F53D78 /* DFBlunoManager.m in Sources */,
				B38DFC19212E783C004CCBEF /* UILabel+JDFTooltips.m in Sources */,
				B37E391818BFB59900C4C41F /* iToast.m in Sources */,
				B36D89FB1C0268F800A5F7DB /* viewMissedClockOut.m in Sources */,
				B38AA54A1C56A83900283461 /* viewReports.m in Sources */,
				B38DFC1B212E783C004CCBEF /* JDFSequentialTooltipManager.m in Sources */,
				B38DFC17212E783C004CCBEF /* UIView+JDFTooltips.m in Sources */,
				B348C8C11C7B7291000BDC7A /* VideoDataObject.m in Sources */,
				B3DCDD7927B1E8AC00D93387 /* viewChat.swift in Sources */,
				B3A030111AA8288D0097AACD /* SwiftEmail.swift in Sources */,
				B3122E8527DA77700003C75D /* viewRouteMap.swift in Sources */,
				B36EC1B81A64887600F53D78 /* BLEUtility.m in Sources */,
				E55D834827F23B0E003A63CF /* WorkOrderPhotos.m in Sources */,
				B348C8C21C7B7291000BDC7A /* VideoTableCell.m in Sources */,
			);
			runOnlyForDeploymentPostprocessing = 0;
		};
/* End PBXSourcesBuildPhase section */

/* Begin XCBuildConfiguration section */
		1D6058940D05DD3E006BFB54 /* Debug */ = {
			isa = XCBuildConfiguration;
			buildSettings = {
				ALWAYS_SEARCH_USER_PATHS = NO;
				ASSETCATALOG_COMPILER_APPICON_NAME = AppIcon;
				CLANG_ENABLE_MODULES = YES;
				CLANG_ENABLE_OBJC_ARC = YES;
				CODE_SIGN_ENTITLEMENTS = BulwarkTW.entitlements;
				CODE_SIGN_IDENTITY = "iPhone Developer";
				"CODE_SIGN_IDENTITY[sdk=iphoneos*]" = "iPhone Developer";
				CODE_SIGN_STYLE = Automatic;
				COPY_PHASE_STRIP = YES;
				CURRENT_PROJECT_VERSION = 4.1.1;
				DEVELOPMENT_TEAM = 96ATNRR9CD;
				ENABLE_BITCODE = NO;
				FRAMEWORK_SEARCH_PATHS = (
					"$(inherited)",
					"/Users/terrywhipple/Downloads/IOS-7-Headers-master/PrivateFrameworks",
					/Users/terrywhipple/Documents/BulwarkTW,
					"/Users/terrywhipple/Downloads/GoogleMaps-iOS-1.9-2.2",
					"$(PROJECT_DIR)",
				);
				GCC_DYNAMIC_NO_PIC = NO;
				GCC_OPTIMIZATION_LEVEL = 0;
				GCC_PRECOMPILE_PREFIX_HEADER = YES;
				GCC_PREFIX_HEADER = BulwarkTW_Prefix.pch;
				INFOPLIST_FILE = "BulwarkTW-Info.plist";
				IPHONEOS_DEPLOYMENT_TARGET = 13.0;
				LD_RUNPATH_SEARCH_PATHS = (
					"$(inherited)",
					"@executable_path/Frameworks",
				);
				LIBRARY_SEARCH_PATHS = (
					"$(inherited)",
					"\"$(SRCROOT)/lib\"",
					"$(PROJECT_DIR)/lib",
					"/Users/terrywhipple/Downloads/CITIZENiOS_1.46/Sample/CPCL_BT/CITIZEN-Library",
					"$(PROJECT_DIR)/CITIZEN-Library",
				);
				MARKETING_VERSION = 4;
				ONLY_ACTIVE_ARCH = NO;
				OTHER_LDFLAGS = "-ObjC";
				PRODUCT_BUNDLE_IDENTIFIER = com.bulwarkappTW.TechApp;
				PRODUCT_NAME = BulwarkTW;
				PROVISIONING_PROFILE = "";
				"PROVISIONING_PROFILE[sdk=iphoneos*]" = "";
				PROVISIONING_PROFILE_SPECIFIER = "";
				SWIFT_OBJC_BRIDGING_HEADER = "Classes/BulwarkTW-Bridging-Header.h";
				SWIFT_OPTIMIZATION_LEVEL = "-Onone";
				SWIFT_SWIFT3_OBJC_INFERENCE = On;
				SWIFT_VERSION = 5.0;
				TARGETED_DEVICE_FAMILY = 2;
				VALIDATE_PRODUCT = YES;
				VALID_ARCHS = "$(VALID_ARCHS)";
			};
			name = Debug;
		};
		1D6058950D05DD3E006BFB54 /* Release */ = {
			isa = XCBuildConfiguration;
			buildSettings = {
				ALWAYS_SEARCH_USER_PATHS = NO;
				ASSETCATALOG_COMPILER_APPICON_NAME = AppIcon;
				CLANG_ENABLE_MODULES = YES;
				CLANG_ENABLE_OBJC_ARC = YES;
				CODE_SIGN_ENTITLEMENTS = BulwarkTW.entitlements;
				CODE_SIGN_IDENTITY = "iPhone Developer";
				"CODE_SIGN_IDENTITY[sdk=iphoneos*]" = "iPhone Developer";
				CODE_SIGN_STYLE = Automatic;
				COPY_PHASE_STRIP = YES;
				CURRENT_PROJECT_VERSION = 4.1.1;
				DEVELOPMENT_TEAM = 96ATNRR9CD;
				ENABLE_BITCODE = NO;
				FRAMEWORK_SEARCH_PATHS = (
					"$(inherited)",
					"/Users/terrywhipple/Downloads/IOS-7-Headers-master/PrivateFrameworks",
					/Users/terrywhipple/Documents/BulwarkTW,
					"/Users/terrywhipple/Downloads/GoogleMaps-iOS-1.9-2.2",
					"$(PROJECT_DIR)",
				);
				GCC_PRECOMPILE_PREFIX_HEADER = YES;
				GCC_PREFIX_HEADER = BulwarkTW_Prefix.pch;
				INFOPLIST_FILE = "BulwarkTW-Info.plist";
				IPHONEOS_DEPLOYMENT_TARGET = 13.0;
				LD_RUNPATH_SEARCH_PATHS = (
					"$(inherited)",
					"@executable_path/Frameworks",
				);
				LIBRARY_SEARCH_PATHS = (
					"$(inherited)",
					"\"$(SRCROOT)/lib\"",
					"$(PROJECT_DIR)/lib",
					"/Users/terrywhipple/Downloads/CITIZENiOS_1.46/Sample/CPCL_BT/CITIZEN-Library",
					"$(PROJECT_DIR)/CITIZEN-Library",
				);
				MARKETING_VERSION = 4;
				ONLY_ACTIVE_ARCH = NO;
				OTHER_LDFLAGS = "-ObjC";
				PRODUCT_BUNDLE_IDENTIFIER = com.bulwarkappTW.TechApp;
				PRODUCT_NAME = BulwarkTW;
				PROVISIONING_PROFILE = "";
				"PROVISIONING_PROFILE[sdk=iphoneos*]" = "";
				PROVISIONING_PROFILE_SPECIFIER = "";
				SWIFT_OBJC_BRIDGING_HEADER = "Classes/BulwarkTW-Bridging-Header.h";
				SWIFT_SWIFT3_OBJC_INFERENCE = On;
				SWIFT_VERSION = 5.0;
				TARGETED_DEVICE_FAMILY = 2;
				VALIDATE_PRODUCT = YES;
				VALID_ARCHS = "$(VALID_ARCHS)";
			};
			name = Release;
		};
		3471088D149FD1360083EA3E /* Bulwark */ = {
			isa = XCBuildConfiguration;
			buildSettings = {
				CLANG_ANALYZER_LOCALIZABILITY_NONLOCALIZED = YES;
				CLANG_WARN_BLOCK_CAPTURE_AUTORELEASING = YES;
				CLANG_WARN_BOOL_CONVERSION = YES;
				CLANG_WARN_COMMA = YES;
				CLANG_WARN_CONSTANT_CONVERSION = YES;
				CLANG_WARN_DEPRECATED_OBJC_IMPLEMENTATIONS = YES;
				CLANG_WARN_EMPTY_BODY = YES;
				CLANG_WARN_ENUM_CONVERSION = YES;
				CLANG_WARN_INFINITE_RECURSION = YES;
				CLANG_WARN_INT_CONVERSION = YES;
				CLANG_WARN_NON_LITERAL_NULL_CONVERSION = YES;
				CLANG_WARN_OBJC_IMPLICIT_RETAIN_SELF = YES;
				CLANG_WARN_OBJC_LITERAL_CONVERSION = YES;
				CLANG_WARN_QUOTED_INCLUDE_IN_FRAMEWORK_HEADER = YES;
				CLANG_WARN_RANGE_LOOP_ANALYSIS = YES;
				CLANG_WARN_STRICT_PROTOTYPES = YES;
				CLANG_WARN_SUSPICIOUS_MOVE = YES;
				CLANG_WARN_UNREACHABLE_CODE = YES;
				CLANG_WARN__DUPLICATE_METHOD_MATCH = YES;
				CODE_SIGN_ENTITLEMENTS = "";
				CODE_SIGN_IDENTITY = "";
				"CODE_SIGN_IDENTITY[sdk=iphoneos*]" = "";
				DEFINES_MODULE = YES;
				ENABLE_STRICT_OBJC_MSGSEND = YES;
				GCC_C_LANGUAGE_STANDARD = c99;
				GCC_NO_COMMON_BLOCKS = YES;
				GCC_WARN_64_TO_32_BIT_CONVERSION = YES;
				GCC_WARN_ABOUT_RETURN_TYPE = YES;
				GCC_WARN_UNDECLARED_SELECTOR = YES;
				GCC_WARN_UNINITIALIZED_AUTOS = YES;
				GCC_WARN_UNUSED_FUNCTION = YES;
				GCC_WARN_UNUSED_VARIABLE = YES;
				IPHONEOS_DEPLOYMENT_TARGET = 12.0;
				OTHER_CFLAGS = "-DNS_BLOCK_ASSERTIONS=1";
				SDKROOT = iphoneos;
				TARGETED_DEVICE_FAMILY = "1,2";
			};
			name = Bulwark;
		};
		3471088E149FD1360083EA3E /* Bulwark */ = {
			isa = XCBuildConfiguration;
			buildSettings = {
				ALWAYS_SEARCH_USER_PATHS = NO;
				ASSETCATALOG_COMPILER_APPICON_NAME = AppIcon;
				CLANG_ENABLE_MODULES = YES;
				CLANG_ENABLE_OBJC_ARC = YES;
				CODE_SIGN_ENTITLEMENTS = BulwarkTW.entitlements;
				CODE_SIGN_IDENTITY = "iPhone Developer";
				"CODE_SIGN_IDENTITY[sdk=iphoneos*]" = "iPhone Developer";
				CODE_SIGN_STYLE = Automatic;
				COPY_PHASE_STRIP = YES;
				CURRENT_PROJECT_VERSION = 4.1.1;
				DEVELOPMENT_TEAM = 96ATNRR9CD;
				ENABLE_BITCODE = NO;
				FRAMEWORK_SEARCH_PATHS = (
					"$(inherited)",
					"/Users/terrywhipple/Downloads/IOS-7-Headers-master/PrivateFrameworks",
					/Users/terrywhipple/Documents/BulwarkTW,
					"/Users/terrywhipple/Downloads/GoogleMaps-iOS-1.9-2.2",
					"$(PROJECT_DIR)",
				);
				GCC_PRECOMPILE_PREFIX_HEADER = YES;
				GCC_PREFIX_HEADER = BulwarkTW_Prefix.pch;
				INFOPLIST_FILE = "BulwarkTW-Info.plist";
				IPHONEOS_DEPLOYMENT_TARGET = 13.0;
				LD_RUNPATH_SEARCH_PATHS = (
					"$(inherited)",
					"@executable_path/Frameworks",
				);
				LIBRARY_SEARCH_PATHS = (
					"$(inherited)",
					"\"$(SRCROOT)/lib\"",
					"$(PROJECT_DIR)/lib",
					"/Users/terrywhipple/Downloads/CITIZENiOS_1.46/Sample/CPCL_BT/CITIZEN-Library",
					"$(PROJECT_DIR)/CITIZEN-Library",
				);
				MARKETING_VERSION = 4;
				ONLY_ACTIVE_ARCH = NO;
				OTHER_LDFLAGS = "-ObjC";
				PRODUCT_BUNDLE_IDENTIFIER = com.bulwarkappTW.TechApp;
				PRODUCT_NAME = BulwarkTW;
				PROVISIONING_PROFILE = "";
				"PROVISIONING_PROFILE[sdk=iphoneos*]" = "";
				PROVISIONING_PROFILE_SPECIFIER = "";
				SWIFT_OBJC_BRIDGING_HEADER = "Classes/BulwarkTW-Bridging-Header.h";
				SWIFT_SWIFT3_OBJC_INFERENCE = On;
				SWIFT_VERSION = 5.0;
				TARGETED_DEVICE_FAMILY = 2;
				VALIDATE_PRODUCT = YES;
				VALID_ARCHS = "$(VALID_ARCHS)";
			};
			name = Bulwark;
		};
		C01FCF4F08A954540054247B /* Debug */ = {
			isa = XCBuildConfiguration;
			buildSettings = {
				CLANG_ANALYZER_LOCALIZABILITY_NONLOCALIZED = YES;
				CLANG_WARN_BLOCK_CAPTURE_AUTORELEASING = YES;
				CLANG_WARN_BOOL_CONVERSION = YES;
				CLANG_WARN_COMMA = YES;
				CLANG_WARN_CONSTANT_CONVERSION = YES;
				CLANG_WARN_DEPRECATED_OBJC_IMPLEMENTATIONS = YES;
				CLANG_WARN_EMPTY_BODY = YES;
				CLANG_WARN_ENUM_CONVERSION = YES;
				CLANG_WARN_INFINITE_RECURSION = YES;
				CLANG_WARN_INT_CONVERSION = YES;
				CLANG_WARN_NON_LITERAL_NULL_CONVERSION = YES;
				CLANG_WARN_OBJC_IMPLICIT_RETAIN_SELF = YES;
				CLANG_WARN_OBJC_LITERAL_CONVERSION = YES;
				CLANG_WARN_QUOTED_INCLUDE_IN_FRAMEWORK_HEADER = YES;
				CLANG_WARN_RANGE_LOOP_ANALYSIS = YES;
				CLANG_WARN_STRICT_PROTOTYPES = YES;
				CLANG_WARN_SUSPICIOUS_MOVE = YES;
				CLANG_WARN_UNREACHABLE_CODE = YES;
				CLANG_WARN__DUPLICATE_METHOD_MATCH = YES;
				CODE_SIGN_IDENTITY = "";
				"CODE_SIGN_IDENTITY[sdk=iphoneos*]" = "";
				DEFINES_MODULE = YES;
				ENABLE_STRICT_OBJC_MSGSEND = YES;
				ENABLE_TESTABILITY = YES;
				GCC_C_LANGUAGE_STANDARD = c99;
				GCC_NO_COMMON_BLOCKS = YES;
				GCC_WARN_64_TO_32_BIT_CONVERSION = YES;
				GCC_WARN_ABOUT_RETURN_TYPE = YES;
				GCC_WARN_UNDECLARED_SELECTOR = YES;
				GCC_WARN_UNINITIALIZED_AUTOS = YES;
				GCC_WARN_UNUSED_FUNCTION = YES;
				GCC_WARN_UNUSED_VARIABLE = YES;
				IPHONEOS_DEPLOYMENT_TARGET = 12.0;
				ONLY_ACTIVE_ARCH = YES;
				SDKROOT = iphoneos;
				TARGETED_DEVICE_FAMILY = "1,2";
			};
			name = Debug;
		};
		C01FCF5008A954540054247B /* Release */ = {
			isa = XCBuildConfiguration;
			buildSettings = {
				CLANG_ANALYZER_LOCALIZABILITY_NONLOCALIZED = YES;
				CLANG_WARN_BLOCK_CAPTURE_AUTORELEASING = YES;
				CLANG_WARN_BOOL_CONVERSION = YES;
				CLANG_WARN_COMMA = YES;
				CLANG_WARN_CONSTANT_CONVERSION = YES;
				CLANG_WARN_DEPRECATED_OBJC_IMPLEMENTATIONS = YES;
				CLANG_WARN_EMPTY_BODY = YES;
				CLANG_WARN_ENUM_CONVERSION = YES;
				CLANG_WARN_INFINITE_RECURSION = YES;
				CLANG_WARN_INT_CONVERSION = YES;
				CLANG_WARN_NON_LITERAL_NULL_CONVERSION = YES;
				CLANG_WARN_OBJC_IMPLICIT_RETAIN_SELF = YES;
				CLANG_WARN_OBJC_LITERAL_CONVERSION = YES;
				CLANG_WARN_QUOTED_INCLUDE_IN_FRAMEWORK_HEADER = YES;
				CLANG_WARN_RANGE_LOOP_ANALYSIS = YES;
				CLANG_WARN_STRICT_PROTOTYPES = YES;
				CLANG_WARN_SUSPICIOUS_MOVE = YES;
				CLANG_WARN_UNREACHABLE_CODE = YES;
				CLANG_WARN__DUPLICATE_METHOD_MATCH = YES;
				CODE_SIGN_IDENTITY = "";
				"CODE_SIGN_IDENTITY[sdk=iphoneos*]" = "";
				DEFINES_MODULE = YES;
				ENABLE_STRICT_OBJC_MSGSEND = YES;
				GCC_C_LANGUAGE_STANDARD = c99;
				GCC_NO_COMMON_BLOCKS = YES;
				GCC_WARN_64_TO_32_BIT_CONVERSION = YES;
				GCC_WARN_ABOUT_RETURN_TYPE = YES;
				GCC_WARN_UNDECLARED_SELECTOR = YES;
				GCC_WARN_UNINITIALIZED_AUTOS = YES;
				GCC_WARN_UNUSED_FUNCTION = YES;
				GCC_WARN_UNUSED_VARIABLE = YES;
				IPHONEOS_DEPLOYMENT_TARGET = 12.0;
				OTHER_CFLAGS = "-DNS_BLOCK_ASSERTIONS=1";
				SDKROOT = iphoneos;
				SWIFT_COMPILATION_MODE = wholemodule;
				TARGETED_DEVICE_FAMILY = "1,2";
			};
			name = Release;
		};
/* End XCBuildConfiguration section */

/* Begin XCConfigurationList section */
		1D6058960D05DD3E006BFB54 /* Build configuration list for PBXNativeTarget "BulwarkTW" */ = {
			isa = XCConfigurationList;
			buildConfigurations = (
				1D6058940D05DD3E006BFB54 /* Debug */,
				1D6058950D05DD3E006BFB54 /* Release */,
				3471088E149FD1360083EA3E /* Bulwark */,
			);
			defaultConfigurationIsVisible = 0;
			defaultConfigurationName = Release;
		};
		C01FCF4E08A954540054247B /* Build configuration list for PBXProject "BulwarkTW" */ = {
			isa = XCConfigurationList;
			buildConfigurations = (
				C01FCF4F08A954540054247B /* Debug */,
				C01FCF5008A954540054247B /* Release */,
				3471088D149FD1360083EA3E /* Bulwark */,
			);
			defaultConfigurationIsVisible = 0;
			defaultConfigurationName = Release;
		};
/* End XCConfigurationList section */

/* Begin XCRemoteSwiftPackageReference section */
		E55D833827EE46B0003A63CF /* XCRemoteSwiftPackageReference "firebase-ios-sdk" */ = {
			isa = XCRemoteSwiftPackageReference;
			repositoryURL = "https://github.com/firebase/firebase-ios-sdk";
			requirement = {
				branch = master;
				kind = branch;
			};
		};
		E55D833F27EE4962003A63CF /* XCRemoteSwiftPackageReference "firebase-ios-sdk" */ = {
			isa = XCRemoteSwiftPackageReference;
			repositoryURL = "https://github.com/firebase/firebase-ios-sdk";
			requirement = {
				branch = master;
				kind = branch;
			};
		};
		E55D834427EE4E43003A63CF /* XCRemoteSwiftPackageReference "firebase-ios-sdk" */ = {
			isa = XCRemoteSwiftPackageReference;
			repositoryURL = "https://github.com/firebase/firebase-ios-sdk";
			requirement = {
				branch = master;
				kind = branch;
			};
		};
/* End XCRemoteSwiftPackageReference section */

/* Begin XCSwiftPackageProductDependency section */
		E55D833927EE46B0003A63CF /* FirebaseAnalytics */ = {
			isa = XCSwiftPackageProductDependency;
			package = E55D833827EE46B0003A63CF /* XCRemoteSwiftPackageReference "firebase-ios-sdk" */;
			productName = FirebaseAnalytics;
		};
		E55D833B27EE46B0003A63CF /* FirebaseCrashlytics */ = {
			isa = XCSwiftPackageProductDependency;
			package = E55D833827EE46B0003A63CF /* XCRemoteSwiftPackageReference "firebase-ios-sdk" */;
			productName = FirebaseCrashlytics;
		};
		E55D833D27EE46B0003A63CF /* FirebasePerformance */ = {
			isa = XCSwiftPackageProductDependency;
			package = E55D833827EE46B0003A63CF /* XCRemoteSwiftPackageReference "firebase-ios-sdk" */;
			productName = FirebasePerformance;
		};
		E55D834027EE4962003A63CF /* FirebaseMessaging */ = {
			isa = XCSwiftPackageProductDependency;
			package = E55D833827EE46B0003A63CF /* XCRemoteSwiftPackageReference "firebase-ios-sdk" */;
			productName = FirebaseMessaging;
		};
		E55D834527EE4E43003A63CF /* FirebaseAuth */ = {
			isa = XCSwiftPackageProductDependency;
			package = E55D833827EE46B0003A63CF /* XCRemoteSwiftPackageReference "firebase-ios-sdk" */;
			productName = FirebaseAuth;
		};
/* End XCSwiftPackageProductDependency section */
	};
	rootObject = 29B97313FDCFA39411CA2CEA /* Project object */;
}
